PODS:
  - ObjectivePGP (0.5):
    - OpenSSL-Universal
  - OpenSSL-Universal (1.0.1.20)
  - Valet (2.2.3)

DEPENDENCIES:
  - ObjectivePGP
  - Valet

SPEC CHECKSUMS:
  ObjectivePGP: d80f77471221fc543461fb329b769fac7bc7ca84
  OpenSSL-Universal: 71f2c4b2ae758e2218090f905e95ca0ac5c01be7
  Valet: c78c7d2e4b2d104d29b9bc62c8f9aa38fbc901eb

PODFILE CHECKSUM: bc4de80dcc66f422586a78d13cec2c0f15e8f061

COCOAPODS: 1.1.1
